
Microsoft Visual Studio Solution File, Format Version 12.00
# Visual Studio 15
VisualStudioVersion = 15.0.27703.2026
MinimumVisualStudioVersion = 10.0.40219.1
Project("{FAE04EC0-301F-11D3-BF4B-00C04F79EFBC}") = "DemoWebApp", "DemoWebApp\DemoWebApp.csproj", "{462BC393-0F93-4174-A5D9-382C221E712C}"
EndProject
Global
	GlobalSection(SolutionConfigurationPlatforms) = preSolution
		Debug|Any CPU = Debug|Any CPU
		Release|Any CPU = Release|Any CPU
	EndGlobalSection
	GlobalSection(ProjectConfigurationPlatforms) = postSolution
		{462BC393-0F93-4174-A5D9-382C221E712C}.Debug|Any CPU.ActiveCfg = Debug|Any CPU
		{462BC393-0F93-4174-A5D9-382C221E712C}.Debug|Any CPU.Build.0 = Debug|Any CPU
		{462BC393-0F93-4174-A5D9-382C221E712C}.Release|Any CPU.ActiveCfg = Release|Any CPU
		{462BC393-0F93-4174-A5D9-382C221E712C}.Release|Any CPU.Build.0 = Release|Any CPU
	EndGlobalSection
	GlobalSection(SolutionProperties) = preSolution
		HideSolutionNode = FALSE
	EndGlobalSection
	GlobalSection(ExtensibilityGlobals) = postSolution
		SolutionGuid = {F0FAC0DD-026B-4E3E-A91F-6D2235EC833C}
	EndGlobalSection
EndGlobal
